Microsoft Visual Studio Solution File, Format Version 12.00
# Visual Studio Version 17
VisualStudioVersion = 17.5.2.0
MinimumVisualStudioVersion = 10.0.40219.1
Project("{FAE04EC0-301F-11D3-BF4B-00C04F79EFBC}") = "lab21", "lab21\lab21.csproj", "{072D8732-0CD0-009A-7DE3-62EAF47FB1FC}"
EndProject
Global
	GlobalSection(SolutionConfigurationPlatforms) = preSolution
		Debug|Any CPU = Debug|Any CPU
		Release|Any CPU = Release|Any CPU
	EndGlobalSection
	GlobalSection(ProjectConfigurationPlatforms) = postSolution
		{072D8732-0CD0-009A-7DE3-62EAF47FB1FC}.Debug|Any CPU.ActiveCfg = Debug|Any CPU
		{072D8732-0CD0-009A-7DE3-62EAF47FB1FC}.Debug|Any CPU.Build.0 = Debug|Any CPU
		{072D8732-0CD0-009A-7DE3-62EAF47FB1FC}.Release|Any CPU.ActiveCfg = Release|Any CPU
		{072D8732-0CD0-009A-7DE3-62EAF47FB1FC}.Release|Any CPU.Build.0 = Release|Any CPU
	EndGlobalSection
	GlobalSection(SolutionProperties) = preSolution
		HideSolutionNode = FALSE
	EndGlobalSection
	GlobalSection(ExtensibilityGlobals) = postSolution
		SolutionGuid = {08981428-72B3-4489-999A-0A8E177176F5}
	EndGlobalSection
EndGlobal
