Microsoft Visual Studio Solution File, Format Version 12.00
# Visual Studio Version 17
VisualStudioVersion = 17.5.2.0
MinimumVisualStudioVersion = 10.0.40219.1
Project("{FAE04EC0-301F-11D3-BF4B-00C04F79EFBC}") = "prog3", "prog3.csproj", "{048A7504-DEF0-1304-3CAA-6E50D44E6551}"
EndProject
Global
	GlobalSection(SolutionConfigurationPlatforms) = preSolution
		Debug|Any CPU = Debug|Any CPU
		Release|Any CPU = Release|Any CPU
	EndGlobalSection
	GlobalSection(ProjectConfigurationPlatforms) = postSolution
		{048A7504-DEF0-1304-3CAA-6E50D44E6551}.Debug|Any CPU.ActiveCfg = Debug|Any CPU
		{048A7504-DEF0-1304-3CAA-6E50D44E6551}.Debug|Any CPU.Build.0 = Debug|Any CPU
		{048A7504-DEF0-1304-3CAA-6E50D44E6551}.Release|Any CPU.ActiveCfg = Release|Any CPU
		{048A7504-DEF0-1304-3CAA-6E50D44E6551}.Release|Any CPU.Build.0 = Release|Any CPU
	EndGlobalSection
	GlobalSection(SolutionProperties) = preSolution
		HideSolutionNode = FALSE
	EndGlobalSection
	GlobalSection(ExtensibilityGlobals) = postSolution
		SolutionGuid = {F10F4023-4AA4-458E-BDDB-7C0655D04023}
	EndGlobalSection
EndGlobal
